# This file was autogenerated by Stack.
# You should not edit this file by hand.
# For more information, please see the documentation at:
#   https://docs.haskellstack.org/en/stable/topics/lock_files

packages:
- completed:
    commit: 8da7ea44ebf5524dce65b14e70cee1a4413eb6f0
    git: https://github.com/argotorg/hevm.git
    name: hevm
    pantry-tree:
      sha256: e4f4d09811c0e01290761aefd41f61ecc2638a08531c727c469910627d38cea4
      size: 10212
    version: 0.57.0
  original:
    commit: 8da7ea44ebf5524dce65b14e70cee1a4413eb6f0
    git: https://github.com/argotorg/hevm.git
- completed:
    commit: 9fd60af428b96ae4bc63a133b3960ed934494189
    git: https://github.com/gustavo-grieco/haskell-mcp-server.git
    name: mcp-server
    pantry-tree:
      sha256: 970e6e0dad1eed2216d3a58d7d932b56f8355c69ed3f183740b0fa199f33c2c9
      size: 2187
    version: 0.1.0.15
  original:
    commit: 9fd60af428b96ae4bc63a133b3960ed934494189
    git: https://github.com/gustavo-grieco/haskell-mcp-server.git
- completed:
    hackage: smt2-parser-0.1.0.1@sha256:1e1a4565915ed851c13d1e6b8bb5185cf5d454da3b43170825d53e221f753d77,1421
    pantry-tree:
      sha256: c048b3037a35ab6ca5b33d865d7a0b0f56a0ccc942dd57cbbab6af380770ee13
      size: 447
  original:
    hackage: smt2-parser-0.1.0.1@sha256:1e1a4565915ed851c13d1e6b8bb5185cf5d454da3b43170825d53e221f753d77,1421
- completed:
    hackage: spawn-0.3@sha256:b91e01d8f2b076841410ae284b32046f91471943dc799c1af77d666c72101f02,1162
    pantry-tree:
      sha256: 3fa87961ef3166c0093ebae68dea83cf2d7b9e131a2db28687b696f077c6f81a
      size: 262
  original:
    hackage: spawn-0.3@sha256:b91e01d8f2b076841410ae284b32046f91471943dc799c1af77d666c72101f02,1162
- completed:
    hackage: spool-0.1@sha256:77780cbfc2c0be23ff2ea9e474062f3df97fcd9db946ee0b3508280a923b83e2,1461
    pantry-tree:
      sha256: 48eada528a8eda2fcf0d3517a239c59a699acff96111f427833ba2b04bd6111f
      size: 322
  original:
    hackage: spool-0.1@sha256:77780cbfc2c0be23ff2ea9e474062f3df97fcd9db946ee0b3508280a923b83e2,1461
- completed:
    hackage: strip-ansi-escape-0.1.0.0@sha256:08f2ed93b16086a837ec46eab7ce8d27cf39d47783caaeb818878ea33c2ff75f,1628
    pantry-tree:
      sha256: cf7712453587e8ea69b96f33e2e8015c22d3b448259d4cace663cc15657309d7
      size: 671
  original:
    hackage: strip-ansi-escape-0.1.0.0@sha256:08f2ed93b16086a837ec46eab7ce8d27cf39d47783caaeb818878ea33c2ff75f,1628
- completed:
    hackage: jsonl-0.2.0.0@sha256:35f8a3816f0b93830008709a8e64c0c69b9bc632a92c54b3be3345bfccba4a5c,1465
    pantry-tree:
      sha256: 586381c8f59403da12c22f1007e1463bbbba510624f7eb567efbf89dbc784d1c
      size: 249
  original:
    hackage: jsonl-0.2.0.0@sha256:35f8a3816f0b93830008709a8e64c0c69b9bc632a92c54b3be3345bfccba4a5c,1465
- completed:
    hackage: vty-windows-0.2.0.3@sha256:0c010b1086a725046a8bb08bb1e6bfdfdb3cfe1c72d6fa77c37306ef9ec774d8,2844
    pantry-tree:
      sha256: 958fd0386c589130177c841df63368ff191eb296f9ed2fd050de10e266c354eb
      size: 2160
  original:
    hackage: vty-windows-0.2.0.3@sha256:0c010b1086a725046a8bb08bb1e6bfdfdb3cfe1c72d6fa77c37306ef9ec774d8,2844
snapshots:
- completed:
    sha256: 400dfb2174640dd2f9f2ba7cbf9148699f2380ab64faa46f4be298a5d6205316
    size: 684057
    url: https://raw.githubusercontent.com/commercialhaskell/stackage-snapshots/master/lts/23/24.yaml
  original: lts-23.24
